// !$*UTF8*$!
{
	archiveVersion = 1;
	classes = {
	};
	objectVersion = 46;
	objects = {

/* Begin PBXBuildFile section */
		8C2C3C6B2570B2C586153C2D /* Pods_HackerNews.framework in Frameworks */ = {isa = PBXBuildFile; fileRef = 8B7D0A392AD9303105CEAAA2 /* Pods_HackerNews.framework */; };
		E715E8771CE799EF009356D1 /* Main.storyboard in Resources */ = {isa = PBXBuildFile; fileRef = E715E8751CE799EF009356D1 /* Main.storyboard */; };
		E715E87A1CE799EF009356D1 /* HackerNews.xcdatamodeld in Sources */ = {isa = PBXBuildFile; fileRef = E715E8781CE799EF009356D1 /* HackerNews.xcdatamodeld */; };
		E715E87C1CE799EF009356D1 /* Assets.xcassets in Resources */ = {isa = PBXBuildFile; fileRef = E715E87B1CE799EF009356D1 /* Assets.xcassets */; };
		E715E87F1CE799EF009356D1 /* LaunchScreen.storyboard in Resources */ = {isa = PBXBuildFile; fileRef = E715E87D1CE799EF009356D1 /* LaunchScreen.storyboard */; };
		E715E88A1CE799EF009356D1 /* HackerNewsTests.swift in Sources */ = {isa = PBXBuildFile; fileRef = E715E8891CE799EF009356D1 /* HackerNewsTests.swift */; };
		E715E8951CE799EF009356D1 /* HackerNewsUITests.swift in Sources */ = {isa = PBXBuildFile; fileRef = E715E8941CE799EF009356D1 /* HackerNewsUITests.swift */; };
		E76F42DC1CEB775A001ECD19 /* News.swift in Sources */ = {isa = PBXBuildFile; fileRef = E76F42DB1CEB775A001ECD19 /* News.swift */; };
		E76F42DE1CEB9DBC001ECD19 /* NewsDetailsViewController.swift in Sources */ = {isa = PBXBuildFile; fileRef = E76F42DD1CEB9DBC001ECD19 /* NewsDetailsViewController.swift */; };
		E79049F61CE96FF9004806FD /* ProjectConstant.swift in Sources */ = {isa = PBXBuildFile; fileRef = E79049F51CE96FF9004806FD /* ProjectConstant.swift */; };
		E797ACA31CE8A60F003F5E16 /* FontConstant.swift in Sources */ = {isa = PBXBuildFile; fileRef = E797ACA21CE8A60F003F5E16 /* FontConstant.swift */; };
		E797ACA51CE8A68A003F5E16 /* ColorConstant.swift in Sources */ = {isa = PBXBuildFile; fileRef = E797ACA41CE8A68A003F5E16 /* ColorConstant.swift */; };
		E797ACAC1CE8AED9003F5E16 /* SourceCodePro-Light.otf in Resources */ = {isa = PBXBuildFile; fileRef = E797ACA91CE8AED9003F5E16 /* SourceCodePro-Light.otf */; };
		E797ACAD1CE8AED9003F5E16 /* SourceCodePro-Medium.otf in Resources */ = {isa = PBXBuildFile; fileRef = E797ACAA1CE8AED9003F5E16 /* SourceCodePro-Medium.otf */; };
		E797ACAE1CE8AED9003F5E16 /* SourceCodePro-Regular.otf in Resources */ = {isa = PBXBuildFile; fileRef = E797ACAB1CE8AED9003F5E16 /* SourceCodePro-Regular.otf */; };
		E797ACB51CE8B2A8003F5E16 /* TopStoryTableViewCell.swift in Sources */ = {isa = PBXBuildFile; fileRef = E797ACB01CE8B2A8003F5E16 /* TopStoryTableViewCell.swift */; };
		E797ACB61CE8B2A8003F5E16 /* ViewController.swift in Sources */ = {isa = PBXBuildFile; fileRef = E797ACB11CE8B2A8003F5E16 /* ViewController.swift */; };
		E797ACB71CE8B2A8003F5E16 /* AllExtensions.swift in Sources */ = {isa = PBXBuildFile; fileRef = E797ACB31CE8B2A8003F5E16 /* AllExtensions.swift */; };
		E797ACB81CE8B2A8003F5E16 /* AppDelegate.swift in Sources */ = {isa = PBXBuildFile; fileRef = E797ACB41CE8B2A8003F5E16 /* AppDelegate.swift */; };
		E797ACBA1CE8B5C1003F5E16 /* NetworkManager.swift in Sources */ = {isa = PBXBuildFile; fileRef = E797ACB91CE8B5C1003F5E16 /* NetworkManager.swift */; };
/* End PBXBuildFile section */

/* Begin PBXContainerItemProxy section */
		E715E8861CE799EF009356D1 /* PBXContainerItemProxy */ = {
			isa = PBXContainerItemProxy;
			containerPortal = E715E8661CE799EF009356D1 /* Project object */;
			proxyType = 1;
			remoteGlobalIDString = E715E86D1CE799EF009356D1;
			remoteInfo = HackerNews;
		};
		E715E8911CE799EF009356D1 /* PBXContainerItemProxy */ = {
			isa = PBXContainerItemProxy;
			containerPortal = E715E8661CE799EF009356D1 /* Project object */;
			proxyType = 1;
			remoteGlobalIDString = E715E86D1CE799EF009356D1;
			remoteInfo = HackerNews;
		};
/* End PBXContainerItemProxy section */

/* Begin PBXFileReference section */
		71D19F56D3862708EE4B9D64 /* Pods-HackerNews.release.xcconfig */ = {isa = PBXFileReference; includeInIndex = 1; lastKnownFileType = text.xcconfig; name = "Pods-HackerNews.release.xcconfig"; path = "Pods/Target Support Files/Pods-HackerNews/Pods-HackerNews.release.xcconfig"; sourceTree = "<group>"; };
		8B7D0A392AD9303105CEAAA2 /* Pods_HackerNews.framework */ = {isa = PBXFileReference; explicitFileType = wrapper.framework; includeInIndex = 0; path = Pods_HackerNews.framework; sourceTree = BUILT_PRODUCTS_DIR; };
		9C3AB43AB93FE098C3047614 /* Pods-HackerNews.debug.xcconfig */ = {isa = PBXFileReference; includeInIndex = 1; lastKnownFileType = text.xcconfig; name = "Pods-HackerNews.debug.xcconfig"; path = "Pods/Target Support Files/Pods-HackerNews/Pods-HackerNews.debug.xcconfig"; sourceTree = "<group>"; };
		E715E86E1CE799EF009356D1 /* HackerNews.app */ = {isa = PBXFileReference; explicitFileType = wrapper.application; includeInIndex = 0; path = HackerNews.app; sourceTree = BUILT_PRODUCTS_DIR; };
		E715E8761CE799EF009356D1 /* Base */ = {isa = PBXFileReference; lastKnownFileType = file.storyboard; name = Base; path = Base.lproj/Main.storyboard; sourceTree = "<group>"; };
		E715E8791CE799EF009356D1 /* HackerNews.xcdatamodel */ = {isa = PBXFileReference; lastKnownFileType = wrapper.xcdatamodel; path = HackerNews.xcdatamodel; sourceTree = "<group>"; };
		E715E87B1CE799EF009356D1 /* Assets.xcassets */ = {isa = PBXFileReference; lastKnownFileType = folder.assetcatalog; path = Assets.xcassets; sourceTree = "<group>"; };
		E715E87E1CE799EF009356D1 /* Base */ = {isa = PBXFileReference; lastKnownFileType = file.storyboard; name = Base; path = Base.lproj/LaunchScreen.storyboard; sourceTree = "<group>"; };
		E715E8801CE799EF009356D1 /* Info.plist */ = {isa = PBXFileReference; lastKnownFileType = text.plist.xml; path = Info.plist; sourceTree = "<group>"; };
		E715E8851CE799EF009356D1 /* HackerNewsTests.xctest */ = {isa = PBXFileReference; explicitFileType = wrapper.cfbundle; includeInIndex = 0; path = HackerNewsTests.xctest; sourceTree = BUILT_PRODUCTS_DIR; };
		E715E8891CE799EF009356D1 /* HackerNewsTests.swift */ = {isa = PBXFileReference; lastKnownFileType = sourcecode.swift; path = HackerNewsTests.swift; sourceTree = "<group>"; };
		E715E88B1CE799EF009356D1 /* Info.plist */ = {isa = PBXFileReference; lastKnownFileType = text.plist.xml; path = Info.plist; sourceTree = "<group>"; };
		E715E8901CE799EF009356D1 /* HackerNewsUITests.xctest */ = {isa = PBXFileReference; explicitFileType = wrapper.cfbundle; includeInIndex = 0; path = HackerNewsUITests.xctest; sourceTree = BUILT_PRODUCTS_DIR; };
		E715E8941CE799EF009356D1 /* HackerNewsUITests.swift */ = {isa = PBXFileReference; lastKnownFileType = sourcecode.swift; path = HackerNewsUITests.swift; sourceTree = "<group>"; };
		E715E8961CE799EF009356D1 /* Info.plist */ = {isa = PBXFileReference; lastKnownFileType = text.plist.xml; path = Info.plist; sourceTree = "<group>"; };
		E76F42DB1CEB775A001ECD19 /* News.swift */ = {isa = PBXFileReference; fileEncoding = 4; lastKnownFileType = sourcecode.swift; path = News.swift; sourceTree = "<group>"; };
		E76F42DD1CEB9DBC001ECD19 /* NewsDetailsViewController.swift */ = {isa = PBXFileReference; fileEncoding = 4; lastKnownFileType = sourcecode.swift; path = NewsDetailsViewController.swift; sourceTree = "<group>"; };
		E79049F51CE96FF9004806FD /* ProjectConstant.swift */ = {isa = PBXFileReference; fileEncoding = 4; lastKnownFileType = sourcecode.swift; path = ProjectConstant.swift; sourceTree = "<group>"; };
		E797ACA21CE8A60F003F5E16 /* FontConstant.swift */ = {isa = PBXFileReference; fileEncoding = 4; lastKnownFileType = sourcecode.swift; path = FontConstant.swift; sourceTree = "<group>"; };
		E797ACA41CE8A68A003F5E16 /* ColorConstant.swift */ = {isa = PBXFileReference; fileEncoding = 4; lastKnownFileType = sourcecode.swift; path = ColorConstant.swift; sourceTree = "<group>"; };
		E797ACA91CE8AED9003F5E16 /* SourceCodePro-Light.otf */ = {isa = PBXFileReference; lastKnownFileType = file; path = "SourceCodePro-Light.otf"; sourceTree = "<group>"; };
		E797ACAA1CE8AED9003F5E16 /* SourceCodePro-Medium.otf */ = {isa = PBXFileReference; lastKnownFileType = file; path = "SourceCodePro-Medium.otf"; sourceTree = "<group>"; };
		E797ACAB1CE8AED9003F5E16 /* SourceCodePro-Regular.otf */ = {isa = PBXFileReference; lastKnownFileType = file; path = "SourceCodePro-Regular.otf"; sourceTree = "<group>"; };
		E797ACB01CE8B2A8003F5E16 /* TopStoryTableViewCell.swift */ = {isa = PBXFileReference; fileEncoding = 4; lastKnownFileType = sourcecode.swift; path = TopStoryTableViewCell.swift; sourceTree = "<group>"; };
		E797ACB11CE8B2A8003F5E16 /* ViewController.swift */ = {isa = PBXFileReference; fileEncoding = 4; lastKnownFileType = sourcecode.swift; path = ViewController.swift; sourceTree = "<group>"; };
		E797ACB31CE8B2A8003F5E16 /* AllExtensions.swift */ = {isa = PBXFileReference; fileEncoding = 4; lastKnownFileType = sourcecode.swift; path = AllExtensions.swift; sourceTree = "<group>"; };
		E797ACB41CE8B2A8003F5E16 /* AppDelegate.swift */ = {isa = PBXFileReference; fileEncoding = 4; lastKnownFileType = sourcecode.swift; path = AppDelegate.swift; sourceTree = "<group>"; };
		E797ACB91CE8B5C1003F5E16 /* NetworkManager.swift */ = {isa = PBXFileReference; fileEncoding = 4; lastKnownFileType = sourcecode.swift; path = NetworkManager.swift; sourceTree = "<group>"; };
/* End PBXFileReference section */

/* Begin PBXFrameworksBuildPhase section */
		E715E86B1CE799EF009356D1 /* Frameworks */ = {
			isa = PBXFrameworksBuildPhase;
			buildActionMask = 2147483647;
			files = (
				8C2C3C6B2570B2C586153C2D /* Pods_HackerNews.framework in Frameworks */,
			);
			runOnlyForDeploymentPostprocessing = 0;
		};
		E715E8821CE799EF009356D1 /* Frameworks */ = {
			isa = PBXFrameworksBuildPhase;
			buildActionMask = 2147483647;
			files = (
			);
			runOnlyForDeploymentPostprocessing = 0;
		};
		E715E88D1CE799EF009356D1 /* Frameworks */ = {
			isa = PBXFrameworksBuildPhase;
			buildActionMask = 2147483647;
			files = (
			);
			runOnlyForDeploymentPostprocessing = 0;
		};
/* End PBXFrameworksBuildPhase section */

/* Begin PBXGroup section */
		48FC6B00BAF77357F7345FFB /* Frameworks */ = {
			isa = PBXGroup;
			children = (
				8B7D0A392AD9303105CEAAA2 /* Pods_HackerNews.framework */,
			);
			name = Frameworks;
			sourceTree = "<group>";
		};
		77E861B3B6F22773C16802A1 /* Pods */ = {
			isa = PBXGroup;
			children = (
				9C3AB43AB93FE098C3047614 /* Pods-HackerNews.debug.xcconfig */,
				71D19F56D3862708EE4B9D64 /* Pods-HackerNews.release.xcconfig */,
			);
			name = Pods;
			sourceTree = "<group>";
		};
		E715E8651CE799EF009356D1 = {
			isa = PBXGroup;
			children = (
				E715E8701CE799EF009356D1 /* HackerNews */,
				E715E8881CE799EF009356D1 /* HackerNewsTests */,
				E715E8931CE799EF009356D1 /* HackerNewsUITests */,
				E715E86F1CE799EF009356D1 /* Products */,
				77E861B3B6F22773C16802A1 /* Pods */,
				48FC6B00BAF77357F7345FFB /* Frameworks */,
			);
			sourceTree = "<group>";
		};
		E715E86F1CE799EF009356D1 /* Products */ = {
			isa = PBXGroup;
			children = (
				E715E86E1CE799EF009356D1 /* HackerNews.app */,
				E715E8851CE799EF009356D1 /* HackerNewsTests.xctest */,
				E715E8901CE799EF009356D1 /* HackerNewsUITests.xctest */,
			);
			name = Products;
			sourceTree = "<group>";
		};
		E715E8701CE799EF009356D1 /* HackerNews */ = {
			isa = PBXGroup;
			children = (
				E76F42DA1CEB7742001ECD19 /* Models */,
				E797ACAF1CE8B2A8003F5E16 /* Controllers */,
				E797ACB21CE8B2A8003F5E16 /* App */,
				E797ACA81CE8AED9003F5E16 /* Fonts */,
				E797ACA11CE8A58D003F5E16 /* Constants */,
				E715E8751CE799EF009356D1 /* Main.storyboard */,
				E715E87B1CE799EF009356D1 /* Assets.xcassets */,
				E715E87D1CE799EF009356D1 /* LaunchScreen.storyboard */,
				E715E8801CE799EF009356D1 /* Info.plist */,
				E715E8781CE799EF009356D1 /* HackerNews.xcdatamodeld */,
			);
			path = HackerNews;
			sourceTree = "<group>";
		};
		E715E8881CE799EF009356D1 /* HackerNewsTests */ = {
			isa = PBXGroup;
			children = (
				E715E8891CE799EF009356D1 /* HackerNewsTests.swift */,
				E715E88B1CE799EF009356D1 /* Info.plist */,
			);
			path = HackerNewsTests;
			sourceTree = "<group>";
		};
		E715E8931CE799EF009356D1 /* HackerNewsUITests */ = {
			isa = PBXGroup;
			children = (
				E715E8941CE799EF009356D1 /* HackerNewsUITests.swift */,
				E715E8961CE799EF009356D1 /* Info.plist */,
			);
			path = HackerNewsUITests;
			sourceTree = "<group>";
		};
		E76F42DA1CEB7742001ECD19 /* Models */ = {
			isa = PBXGroup;
			children = (
				E76F42DB1CEB775A001ECD19 /* News.swift */,
			);
			path = Models;
			sourceTree = "<group>";
		};
		E797ACA11CE8A58D003F5E16 /* Constants */ = {
			isa = PBXGroup;
			children = (
				E797ACA21CE8A60F003F5E16 /* FontConstant.swift */,
				E797ACA41CE8A68A003F5E16 /* ColorConstant.swift */,
				E79049F51CE96FF9004806FD /* ProjectConstant.swift */,
			);
			path = Constants;
			sourceTree = "<group>";
		};
		E797ACA81CE8AED9003F5E16 /* Fonts */ = {
			isa = PBXGroup;
			children = (
				E797ACA91CE8AED9003F5E16 /* SourceCodePro-Light.otf */,
				E797ACAA1CE8AED9003F5E16 /* SourceCodePro-Medium.otf */,
				E797ACAB1CE8AED9003F5E16 /* SourceCodePro-Regular.otf */,
			);
			path = Fonts;
			sourceTree = "<group>";
		};
		E797ACAF1CE8B2A8003F5E16 /* Controllers */ = {
			isa = PBXGroup;
			children = (
				E797ACB01CE8B2A8003F5E16 /* TopStoryTableViewCell.swift */,
				E797ACB11CE8B2A8003F5E16 /* ViewController.swift */,
				E76F42DD1CEB9DBC001ECD19 /* NewsDetailsViewController.swift */,
			);
			path = Controllers;
			sourceTree = "<group>";
		};
		E797ACB21CE8B2A8003F5E16 /* App */ = {
			isa = PBXGroup;
			children = (
				E797ACB31CE8B2A8003F5E16 /* AllExtensions.swift */,
				E797ACB41CE8B2A8003F5E16 /* AppDelegate.swift */,
				E797ACB91CE8B5C1003F5E16 /* NetworkManager.swift */,
			);
			path = App;
			sourceTree = "<group>";
		};
/* End PBXGroup section */

/* Begin PBXNativeTarget section */
		E715E86D1CE799EF009356D1 /* HackerNews */ = {
			isa = PBXNativeTarget;
			buildConfigurationList = E715E8991CE799EF009356D1 /* Build configuration list for PBXNativeTarget "HackerNews" */;
			buildPhases = (
				6C8D6034DCBFB8C35920D1FB /* 📦 Check Pods Manifest.lock */,
				E715E86A1CE799EF009356D1 /* Sources */,
				E715E86B1CE799EF009356D1 /* Frameworks */,
				E715E86C1CE799EF009356D1 /* Resources */,
				FB837482E97D1477256975EC /* 📦 Embed Pods Frameworks */,
				D1C876DD6DA392F6E7F3BD45 /* 📦 Copy Pods Resources */,
			);
			buildRules = (
			);
			dependencies = (
			);
			name = HackerNews;
			productName = HackerNews;
			productReference = E715E86E1CE799EF009356D1 /* HackerNews.app */;
			productType = "com.apple.product-type.application";
		};
		E715E8841CE799EF009356D1 /* HackerNewsTests */ = {
			isa = PBXNativeTarget;
			buildConfigurationList = E715E89C1CE799EF009356D1 /* Build configuration list for PBXNativeTarget "HackerNewsTests" */;
			buildPhases = (
				E715E8811CE799EF009356D1 /* Sources */,
				E715E8821CE799EF009356D1 /* Frameworks */,
				E715E8831CE799EF009356D1 /* Resources */,
			);
			buildRules = (
			);
			dependencies = (
				E715E8871CE799EF009356D1 /* PBXTargetDependency */,
			);
			name = HackerNewsTests;
			productName = HackerNewsTests;
			productReference = E715E8851CE799EF009356D1 /* HackerNewsTests.xctest */;
			productType = "com.apple.product-type.bundle.unit-test";
		};
		E715E88F1CE799EF009356D1 /* HackerNewsUITests */ = {
			isa = PBXNativeTarget;
			buildConfigurationList = E715E89F1CE799EF009356D1 /* Build configuration list for PBXNativeTarget "HackerNewsUITests" */;
			buildPhases = (
				E715E88C1CE799EF009356D1 /* Sources */,
				E715E88D1CE799EF009356D1 /* Frameworks */,
				E715E88E1CE799EF009356D1 /* Resources */,
			);
			buildRules = (
			);
			dependencies = (
				E715E8921CE799EF009356D1 /* PBXTargetDependency */,
			);
			name = HackerNewsUITests;
			productName = HackerNewsUITests;
			productReference = E715E8901CE799EF009356D1 /* HackerNewsUITests.xctest */;
			productType = "com.apple.product-type.bundle.ui-testing";
		};
/* End PBXNativeTarget section */

/* Begin PBXProject section */
		E715E8661CE799EF009356D1 /* Project object */ = {
			isa = PBXProject;
			attributes = {
				LastSwiftUpdateCheck = 0730;
				LastUpgradeCheck = 0730;
				ORGANIZATIONNAME = "Sagar Musale";
				TargetAttributes = {
					E715E86D1CE799EF009356D1 = {
						CreatedOnToolsVersion = 7.3.1;
					};
					E715E8841CE799EF009356D1 = {
						CreatedOnToolsVersion = 7.3.1;
						TestTargetID = E715E86D1CE799EF009356D1;
					};
					E715E88F1CE799EF009356D1 = {
						CreatedOnToolsVersion = 7.3.1;
						TestTargetID = E715E86D1CE799EF009356D1;
					};
				};
			};
			buildConfigurationList = E715E8691CE799EF009356D1 /* Build configuration list for PBXProject "HackerNews" */;
			compatibilityVersion = "Xcode 3.2";
			developmentRegion = English;
			hasScannedForEncodings = 0;
			knownRegions = (
				en,
				Base,
			);
			mainGroup = E715E8651CE799EF009356D1;
			productRefGroup = E715E86F1CE799EF009356D1 /* Products */;
			projectDirPath = "";
			projectRoot = "";
			targets = (
				E715E86D1CE799EF009356D1 /* HackerNews */,
				E715E8841CE799EF009356D1 /* HackerNewsTests */,
				E715E88F1CE799EF009356D1 /* HackerNewsUITests */,
			);
		};
/* End PBXProject section */

/* Begin PBXResourcesBuildPhase section */
		E715E86C1CE799EF009356D1 /* Resources */ = {
			isa = PBXResourcesBuildPhase;
			buildActionMask = 2147483647;
			files = (
				E797ACAC1CE8AED9003F5E16 /* SourceCodePro-Light.otf in Resources */,
				E715E87F1CE799EF009356D1 /* LaunchScreen.storyboard in Resources */,
				E715E87C1CE799EF009356D1 /* Assets.xcassets in Resources */,
				E797ACAD1CE8AED9003F5E16 /* SourceCodePro-Medium.otf in Resources */,
				E797ACAE1CE8AED9003F5E16 /* SourceCodePro-Regular.otf in Resources */,
				E715E8771CE799EF009356D1 /* Main.storyboard in Resources */,
			);
			runOnlyForDeploymentPostprocessing = 0;
		};
		E715E8831CE799EF009356D1 /* Resources */ = {
			isa = PBXResourcesBuildPhase;
			buildActionMask = 2147483647;
			files = (
			);
			runOnlyForDeploymentPostprocessing = 0;
		};
		E715E88E1CE799EF009356D1 /* Resources */ = {
			isa = PBXResourcesBuildPhase;
			buildActionMask = 2147483647;
			files = (
			);
			runOnlyForDeploymentPostprocessing = 0;
		};
/* End PBXResourcesBuildPhase section */

/* Begin PBXShellScriptBuildPhase section */
		6C8D6034DCBFB8C35920D1FB /* 📦 Check Pods Manifest.lock */ = {
			isa = PBXShellScriptBuildPhase;
			buildActionMask = 2147483647;
			files = (
			);
			inputPaths = (
			);
			name = "📦 Check Pods Manifest.lock";
			outputPaths = (
			);
			runOnlyForDeploymentPostprocessing = 0;
			shellPath = /bin/sh;
			shellScript = "diff \"${PODS_ROOT}/../Podfile.lock\" \"${PODS_ROOT}/Manifest.lock\" > /dev/null\nif [[ $? != 0 ]] ; then\n    cat << EOM\nerror: The sandbox is not in sync with the Podfile.lock. Run 'pod install' or update your CocoaPods installation.\nEOM\n    exit 1\nfi\n";
			showEnvVarsInLog = 0;
		};
		D1C876DD6DA392F6E7F3BD45 /* 📦 Copy Pods Resources */ = {
			isa = PBXShellScriptBuildPhase;
			buildActionMask = 2147483647;
			files = (
			);
			inputPaths = (
			);
			name = "📦 Copy Pods Resources";
			outputPaths = (
			);
			runOnlyForDeploymentPostprocessing = 0;
			shellPath = /bin/sh;
			shellScript = "\"${SRCROOT}/Pods/Target Support Files/Pods-HackerNews/Pods-HackerNews-resources.sh\"\n";
			showEnvVarsInLog = 0;
		};
		FB837482E97D1477256975EC /* 📦 Embed Pods Frameworks */ = {
			isa = PBXShellScriptBuildPhase;
			buildActionMask = 2147483647;
			files = (
			);
			inputPaths = (
			);
			name = "📦 Embed Pods Frameworks";
			outputPaths = (
			);
			runOnlyForDeploymentPostprocessing = 0;
			shellPath = /bin/sh;
			shellScript = "\"${SRCROOT}/Pods/Target Support Files/Pods-HackerNews/Pods-HackerNews-frameworks.sh\"\n";
			showEnvVarsInLog = 0;
		};
/* End PBXShellScriptBuildPhase section */

/* Begin PBXSourcesBuildPhase section */
		E715E86A1CE799EF009356D1 /* Sources */ = {
			isa = PBXSourcesBuildPhase;
			buildActionMask = 2147483647;
			files = (
				E797ACB61CE8B2A8003F5E16 /* ViewController.swift in Sources */,
				E79049F61CE96FF9004806FD /* ProjectConstant.swift in Sources */,
				E715E87A1CE799EF009356D1 /* HackerNews.xcdatamodeld in Sources */,
				E797ACB51CE8B2A8003F5E16 /* TopStoryTableViewCell.swift in Sources */,
				E797ACB71CE8B2A8003F5E16 /* AllExtensions.swift in Sources */,
				E797ACBA1CE8B5C1003F5E16 /* NetworkManager.swift in Sources */,
				E797ACB81CE8B2A8003F5E16 /* AppDelegate.swift in Sources */,
				E76F42DE1CEB9DBC001ECD19 /* NewsDetailsViewController.swift in Sources */,
				E797ACA31CE8A60F003F5E16 /* FontConstant.swift in Sources */,
				E76F42DC1CEB775A001ECD19 /* News.swift in Sources */,
				E797ACA51CE8A68A003F5E16 /* ColorConstant.swift in Sources */,
			);
			runOnlyForDeploymentPostprocessing = 0;
		};
		E715E8811CE799EF009356D1 /* Sources */ = {
			isa = PBXSourcesBuildPhase;
			buildActionMask = 2147483647;
			files = (
				E715E88A1CE799EF009356D1 /* HackerNewsTests.swift in Sources */,
			);
			runOnlyForDeploymentPostprocessing = 0;
		};
		E715E88C1CE799EF009356D1 /* Sources */ = {
			isa = PBXSourcesBuildPhase;
			buildActionMask = 2147483647;
			files = (
				E715E8951CE799EF009356D1 /* HackerNewsUITests.swift in Sources */,
			);
			runOnlyForDeploymentPostprocessing = 0;
		};
/* End PBXSourcesBuildPhase section */

/* Begin PBXTargetDependency section */
		E715E8871CE799EF009356D1 /* PBXTargetDependency */ = {
			isa = PBXTargetDependency;
			target = E715E86D1CE799EF009356D1 /* HackerNews */;
			targetProxy = E715E8861CE799EF009356D1 /* PBXContainerItemProxy */;
		};
		E715E8921CE799EF009356D1 /* PBXTargetDependency */ = {
			isa = PBXTargetDependency;
			target = E715E86D1CE799EF009356D1 /* HackerNews */;
			targetProxy = E715E8911CE799EF009356D1 /* PBXContainerItemProxy */;
		};
/* End PBXTargetDependency section */

/* Begin PBXVariantGroup section */
		E715E8751CE799EF009356D1 /* Main.storyboard */ = {
			isa = PBXVariantGroup;
			children = (
				E715E8761CE799EF009356D1 /* Base */,
			);
			name = Main.storyboard;
			sourceTree = "<group>";
		};
		E715E87D1CE799EF009356D1 /* LaunchScreen.storyboard */ = {
			isa = PBXVariantGroup;
			children = (
				E715E87E1CE799EF009356D1 /* Base */,
			);
			name = LaunchScreen.storyboard;
			sourceTree = "<group>";
		};
/* End PBXVariantGroup section */

/* Begin XCBuildConfiguration section */
		E715E8971CE799EF009356D1 /* Debug */ = {
			isa = XCBuildConfiguration;
			buildSettings = {
				ALWAYS_SEARCH_USER_PATHS = NO;
				CLANG_ANALYZER_NONNULL = YES;
				CLANG_CXX_LANGUAGE_STANDARD = "gnu++0x";
				CLANG_CXX_LIBRARY = "libc++";
				CLANG_ENABLE_MODULES = YES;
				CLANG_ENABLE_OBJC_ARC = YES;
				CLANG_WARN_BOOL_CONVERSION = YES;
				CLANG_WARN_CONSTANT_CONVERSION = YES;
				CLANG_WARN_DIRECT_OBJC_ISA_USAGE = YES_ERROR;
				CLANG_WARN_EMPTY_BODY = YES;
				CLANG_WARN_ENUM_CONVERSION = YES;
				CLANG_WARN_INT_CONVERSION = YES;
				CLANG_WARN_OBJC_ROOT_CLASS = YES_ERROR;
				CLANG_WARN_UNREACHABLE_CODE = YES;
				CLANG_WARN__DUPLICATE_METHOD_MATCH = YES;
				"CODE_SIGN_IDENTITY[sdk=iphoneos*]" = "iPhone Developer";
				COPY_PHASE_STRIP = NO;
				DEBUG_INFORMATION_FORMAT = dwarf;
				ENABLE_STRICT_OBJC_MSGSEND = YES;
				ENABLE_TESTABILITY = YES;
				GCC_C_LANGUAGE_STANDARD = gnu99;
				GCC_DYNAMIC_NO_PIC = NO;
				GCC_NO_COMMON_BLOCKS = YES;
				GCC_OPTIMIZATION_LEVEL = 0;
				GCC_PREPROCESSOR_DEFINITIONS = (
					"DEBUG=1",
					"$(inherited)",
				);
				GCC_WARN_64_TO_32_BIT_CONVERSION = YES;
				GCC_WARN_ABOUT_RETURN_TYPE = YES_ERROR;
				GCC_WARN_UNDECLARED_SELECTOR = YES;
				GCC_WARN_UNINITIALIZED_AUTOS = YES_AGGRESSIVE;
				GCC_WARN_UNUSED_FUNCTION = YES;
				GCC_WARN_UNUSED_VARIABLE = YES;
				IPHONEOS_DEPLOYMENT_TARGET = 9.3;
				MTL_ENABLE_DEBUG_INFO = YES;
				ONLY_ACTIVE_ARCH = YES;
				SDKROOT = iphoneos;
				SWIFT_OPTIMIZATION_LEVEL = "-Onone";
				TARGETED_DEVICE_FAMILY = "1,2";
			};
			name = Debug;
		};
		E715E8981CE799EF009356D1 /* Release */ = {
			isa = XCBuildConfiguration;
			buildSettings = {
				ALWAYS_SEARCH_USER_PATHS = NO;
				CLANG_ANALYZER_NONNULL = YES;
				CLANG_CXX_LANGUAGE_STANDARD = "gnu++0x";
				CLANG_CXX_LIBRARY = "libc++";
				CLANG_ENABLE_MODULES = YES;
				CLANG_ENABLE_OBJC_ARC = YES;
				CLANG_WARN_BOOL_CONVERSION = YES;
				CLANG_WARN_CONSTANT_CONVERSION = YES;
				CLANG_WARN_DIRECT_OBJC_ISA_USAGE = YES_ERROR;
				CLANG_WARN_EMPTY_BODY = YES;
				CLANG_WARN_ENUM_CONVERSION = YES;
				CLANG_WARN_INT_CONVERSION = YES;
				CLANG_WARN_OBJC_ROOT_CLASS = YES_ERROR;
				CLANG_WARN_UNREACHABLE_CODE = YES;
				CLANG_WARN__DUPLICATE_METHOD_MATCH = YES;
				"CODE_SIGN_IDENTITY[sdk=iphoneos*]" = "iPhone Developer";
				COPY_PHASE_STRIP = NO;
				DEBUG_INFORMATION_FORMAT = "dwarf-with-dsym";
				ENABLE_NS_ASSERTIONS = NO;
				ENABLE_STRICT_OBJC_MSGSEND = YES;
				GCC_C_LANGUAGE_STANDARD = gnu99;
				GCC_NO_COMMON_BLOCKS = YES;
				GCC_WARN_64_TO_32_BIT_CONVERSION = YES;
				GCC_WARN_ABOUT_RETURN_TYPE = YES_ERROR;
				GCC_WARN_UNDECLARED_SELECTOR = YES;
				GCC_WARN_UNINITIALIZED_AUTOS = YES_AGGRESSIVE;
				GCC_WARN_UNUSED_FUNCTION = YES;
				GCC_WARN_UNUSED_VARIABLE = YES;
				IPHONEOS_DEPLOYMENT_TARGET = 9.3;
				MTL_ENABLE_DEBUG_INFO = NO;
				SDKROOT = iphoneos;
				TARGETED_DEVICE_FAMILY = "1,2";
				VALIDATE_PRODUCT = YES;
			};
			name = Release;
		};
		E715E89A1CE799EF009356D1 /* Debug */ = {
			isa = XCBuildConfiguration;
			baseConfigurationReference = 9C3AB43AB93FE098C3047614 /* Pods-HackerNews.debug.xcconfig */;
			buildSettings = {
				ASSETCATALOG_COMPILER_APPICON_NAME = AppIcon;
				INFOPLIST_FILE = HackerNews/Info.plist;
				LD_RUNPATH_SEARCH_PATHS = "$(inherited) @executable_path/Frameworks";
				PRODUCT_BUNDLE_IDENTIFIER = com.srmicky.HackerNews;
				PRODUCT_NAME = "$(TARGET_NAME)";
			};
			name = Debug;
		};
		E715E89B1CE799EF009356D1 /* Release */ = {
			isa = XCBuildConfiguration;
			baseConfigurationReference = 71D19F56D3862708EE4B9D64 /* Pods-HackerNews.release.xcconfig */;
			buildSettings = {
				ASSETCATALOG_COMPILER_APPICON_NAME = AppIcon;
				INFOPLIST_FILE = HackerNews/Info.plist;
				LD_RUNPATH_SEARCH_PATHS = "$(inherited) @executable_path/Frameworks";
				PRODUCT_BUNDLE_IDENTIFIER = com.srmicky.HackerNews;
				PRODUCT_NAME = "$(TARGET_NAME)";
			};
			name = Release;
		};
		E715E89D1CE799EF009356D1 /* Debug */ = {
			isa = XCBuildConfiguration;
			buildSettings = {
				BUNDLE_LOADER = "$(TEST_HOST)";
				INFOPLIST_FILE = HackerNewsTests/Info.plist;
				LD_RUNPATH_SEARCH_PATHS = "$(inherited) @executable_path/Frameworks @loader_path/Frameworks";
				PRODUCT_BUNDLE_IDENTIFIER = com.srmicky.HackerNewsTests;
				PRODUCT_NAME = "$(TARGET_NAME)";
				TEST_HOST = "$(BUILT_PRODUCTS_DIR)/HackerNews.app/HackerNews";
			};
			name = Debug;
		};
		E715E89E1CE799EF009356D1 /* Release */ = {
			isa = XCBuildConfiguration;
			buildSettings = {
				BUNDLE_LOADER = "$(TEST_HOST)";
				INFOPLIST_FILE = HackerNewsTests/Info.plist;
				LD_RUNPATH_SEARCH_PATHS = "$(inherited) @executable_path/Frameworks @loader_path/Frameworks";
				PRODUCT_BUNDLE_IDENTIFIER = com.srmicky.HackerNewsTests;
				PRODUCT_NAME = "$(TARGET_NAME)";
				TEST_HOST = "$(BUILT_PRODUCTS_DIR)/HackerNews.app/HackerNews";
			};
			name = Release;
		};
		E715E8A01CE799EF009356D1 /* Debug */ = {
			isa = XCBuildConfiguration;
			buildSettings = {
				INFOPLIST_FILE = HackerNewsUITests/Info.plist;
				LD_RUNPATH_SEARCH_PATHS = "$(inherited) @executable_path/Frameworks @loader_path/Frameworks";
				PRODUCT_BUNDLE_IDENTIFIER = com.srmicky.HackerNewsUITests;
				PRODUCT_NAME = "$(TARGET_NAME)";
				TEST_TARGET_NAME = HackerNews;
			};
			name = Debug;
		};
		E715E8A11CE799EF009356D1 /* Release */ = {
			isa = XCBuildConfiguration;
			buildSettings = {
				INFOPLIST_FILE = HackerNewsUITests/Info.plist;
				LD_RUNPATH_SEARCH_PATHS = "$(inherited) @executable_path/Frameworks @loader_path/Frameworks";
				PRODUCT_BUNDLE_IDENTIFIER = com.srmicky.HackerNewsUITests;
				PRODUCT_NAME = "$(TARGET_NAME)";
				TEST_TARGET_NAME = HackerNews;
			};
			name = Release;
		};
/* End XCBuildConfiguration section */

/* Begin XCConfigurationList section */
		E715E8691CE799EF009356D1 /* Build configuration list for PBXProject "HackerNews" */ = {
			isa = XCConfigurationList;
			buildConfigurations = (
				E715E8971CE799EF009356D1 /* Debug */,
				E715E8981CE799EF009356D1 /* Release */,
			);
			defaultConfigurationIsVisible = 0;
			defaultConfigurationName = Release;
		};
		E715E8991CE799EF009356D1 /* Build configuration list for PBXNativeTarget "HackerNews" */ = {
			isa = XCConfigurationList;
			buildConfigurations = (
				E715E89A1CE799EF009356D1 /* Debug */,
				E715E89B1CE799EF009356D1 /* Release */,
			);
			defaultConfigurationIsVisible = 0;
			defaultConfigurationName = Release;
		};
		E715E89C1CE799EF009356D1 /* Build configuration list for PBXNativeTarget "HackerNewsTests" */ = {
			isa = XCConfigurationList;
			buildConfigurations = (
				E715E89D1CE799EF009356D1 /* Debug */,
				E715E89E1CE799EF009356D1 /* Release */,
			);
			defaultConfigurationIsVisible = 0;
			defaultConfigurationName = Release;
		};
		E715E89F1CE799EF009356D1 /* Build configuration list for PBXNativeTarget "HackerNewsUITests" */ = {
			isa = XCConfigurationList;
			buildConfigurations = (
				E715E8A01CE799EF009356D1 /* Debug */,
				E715E8A11CE799EF009356D1 /* Release */,
			);
			defaultConfigurationIsVisible = 0;
			defaultConfigurationName = Release;
		};
/* End XCConfigurationList section */

/* Begin XCVersionGroup section */
		E715E8781CE799EF009356D1 /* HackerNews.xcdatamodeld */ = {
			isa = XCVersionGroup;
			children = (
				E715E8791CE799EF009356D1 /* HackerNews.xcdatamodel */,
			);
			currentVersion = E715E8791CE799EF009356D1 /* HackerNews.xcdatamodel */;
			path = HackerNews.xcdatamodeld;
			sourceTree = "<group>";
			versionGroupType = wrapper.xcdatamodel;
		};
/* End XCVersionGroup section */
	};
	rootObject = E715E8661CE799EF009356D1 /* Project object */;
}
